// !$*UTF8*$!
{
	archiveVersion = 1;
	classes = {
	};
	objectVersion = 52;
	objects = {

/* Begin PBXBuildFile section */
		B40CFE2E2A36D60900D45E54 /* ConfigurationViewController+Actions.swift in Sources */ = {isa = PBXBuildFile; fileRef = B40CFE2D2A36D60900D45E54 /* ConfigurationViewController+Actions.swift */; };
		B40CFE302A36DA1800D45E54 /* ConfiguartionViewController+KeyBoard.swift in Sources */ = {isa = PBXBuildFile; fileRef = B40CFE2F2A36DA1800D45E54 /* ConfiguartionViewController+KeyBoard.swift */; };
		B40CFE322A36DBD300D45E54 /* ConfiguartionViewController+TextField.swift in Sources */ = {isa = PBXBuildFile; fileRef = B40CFE312A36DBD300D45E54 /* ConfiguartionViewController+TextField.swift */; };
		B40CFE342A36E39300D45E54 /* ConfiguartionViewController+UI.swift in Sources */ = {isa = PBXBuildFile; fileRef = B40CFE332A36E39300D45E54 /* ConfiguartionViewController+UI.swift */; };
		B40CFE392A36EAF200D45E54 /* RadioButton.swift in Sources */ = {isa = PBXBuildFile; fileRef = B40CFE382A36EAF200D45E54 /* RadioButton.swift */; };
		B40CFE3B2A370A6E00D45E54 /* CheckBox.swift in Sources */ = {isa = PBXBuildFile; fileRef = B40CFE3A2A370A6E00D45E54 /* CheckBox.swift */; };
		B4190AA12A38482300346ACD /* ConfigurationViewModel.swift in Sources */ = {isa = PBXBuildFile; fileRef = B4190AA02A38482300346ACD /* ConfigurationViewModel.swift */; };
		B4190AA32A384B8E00346ACD /* ConfiguartionViewController+Bind.swift in Sources */ = {isa = PBXBuildFile; fileRef = B4190AA22A384B8E00346ACD /* ConfiguartionViewController+Bind.swift */; };
		B4190AA62A385DED00346ACD /* CardPaymentViewController.swift in Sources */ = {isa = PBXBuildFile; fileRef = B4190AA52A385DED00346ACD /* CardPaymentViewController.swift */; };
		B4190AA82A38605E00346ACD /* CardPaymentViewController+UI.swift in Sources */ = {isa = PBXBuildFile; fileRef = B4190AA72A38605E00346ACD /* CardPaymentViewController+UI.swift */; };
		B4190AAA2A38640500346ACD /* CardPaymentViewController+Actions.swift in Sources */ = {isa = PBXBuildFile; fileRef = B4190AA92A38640500346ACD /* CardPaymentViewController+Actions.swift */; };
		B4190AAC2A3976E000346ACD /* CardPaymentViewController+Bind.swift in Sources */ = {isa = PBXBuildFile; fileRef = B4190AAB2A3976E000346ACD /* CardPaymentViewController+Bind.swift */; };
		B4600EDB2A3095390056865D /* DemoLandingPageViewController.swift in Sources */ = {isa = PBXBuildFile; fileRef = B4600EDA2A3095380056865D /* DemoLandingPageViewController.swift */; };
		B4600EDD2A309E920056865D /* ConfiguartionViewController.swift in Sources */ = {isa = PBXBuildFile; fileRef = B4600EDC2A309E920056865D /* ConfiguartionViewController.swift */; };
		CF2E9C322A4B4EB5008CC987 /* GeideaPaymentSDK.xcframework in Frameworks */ = {isa = PBXBuildFile; fileRef = CF2E9C2F2A4B4EA5008CC987 /* GeideaPaymentSDK.xcframework */; };
		CF2E9C332A4B4EB5008CC987 /* GeideaPaymentSDK.xcframework in Embed Frameworks */ = {isa = PBXBuildFile; fileRef = CF2E9C2F2A4B4EA5008CC987 /* GeideaPaymentSDK.xcframework */; settings = {ATTRIBUTES = (CodeSignOnCopy, RemoveHeadersOnCopy, ); }; };
		E60854872551477C009B468F /* SuccessViewController.swift in Sources */ = {isa = PBXBuildFile; fileRef = E60854852551477C009B468F /* SuccessViewController.swift */; };
		E60854882551477C009B468F /* SuccessViewController.xib in Resources */ = {isa = PBXBuildFile; fileRef = E60854862551477C009B468F /* SuccessViewController.xib */; };
		E6117AB42538971700959D78 /* AppDelegate.swift in Sources */ = {isa = PBXBuildFile; fileRef = E6117AB32538971700959D78 /* AppDelegate.swift */; };
		E6117AB82538971700959D78 /* ViewController.swift in Sources */ = {isa = PBXBuildFile; fileRef = E6117AB72538971700959D78 /* ViewController.swift */; };
		E6117ABD2538971E00959D78 /* Assets.xcassets in Resources */ = {isa = PBXBuildFile; fileRef = E6117ABC2538971E00959D78 /* Assets.xcassets */; };
		E6117AC02538971E00959D78 /* LaunchScreen.storyboard in Resources */ = {isa = PBXBuildFile; fileRef = E6117ABE2538971E00959D78 /* LaunchScreen.storyboard */; };
		E63809EF255408ED0034E556 /* GoogleService-Info_old.plist in Resources */ = {isa = PBXBuildFile; fileRef = E63809EE255408ED0034E556 /* GoogleService-Info_old.plist */; };
		E6380A4D25541D2A0034E556 /* UIViewController+Extensions.swift in Sources */ = {isa = PBXBuildFile; fileRef = E6380A4C25541D2A0034E556 /* UIViewController+Extensions.swift */; };
		E6380A53255574880034E556 /* SceneDelegate.swift in Sources */ = {isa = PBXBuildFile; fileRef = E6380A52255574880034E556 /* SceneDelegate.swift */; };
		E63E457D25ED04AC0077251F /* OrdersViewController.swift in Sources */ = {isa = PBXBuildFile; fileRef = E63E457B25ED04AB0077251F /* OrdersViewController.swift */; };
		E63E457E25ED04AC0077251F /* OrdersViewController.xib in Resources */ = {isa = PBXBuildFile; fileRef = E63E457C25ED04AB0077251F /* OrdersViewController.xib */; };
		E63E45A025EE60BD0077251F /* OrderTableViewCell.swift in Sources */ = {isa = PBXBuildFile; fileRef = E63E459E25EE60BD0077251F /* OrderTableViewCell.swift */; };
		E63E45A125EE60BD0077251F /* OrderTableViewCell.xib in Resources */ = {isa = PBXBuildFile; fileRef = E63E459F25EE60BD0077251F /* OrderTableViewCell.xib */; };
		E63E45A725EE78990077251F /* UiTableView+Extensions.swift in Sources */ = {isa = PBXBuildFile; fileRef = E63E45A625EE78990077251F /* UiTableView+Extensions.swift */; };
		E63E45BF25EF78580077251F /* OrderDetailsViewController.xib in Resources */ = {isa = PBXBuildFile; fileRef = E63E45BE25EF78580077251F /* OrderDetailsViewController.xib */; };
		E63E45CE25EF79ED0077251F /* OrderDetailsViewController.swift in Sources */ = {isa = PBXBuildFile; fileRef = E63E45C425EF78960077251F /* OrderDetailsViewController.swift */; };
		E63E45DB25EF91420077251F /* FilterViewController.swift in Sources */ = {isa = PBXBuildFile; fileRef = E63E45D525EF8F3B0077251F /* FilterViewController.swift */; };
		E63E45E025EF914B0077251F /* FilterViewController.xib in Resources */ = {isa = PBXBuildFile; fileRef = E63E45D125EF8F230077251F /* FilterViewController.xib */; };
		E63E461A25EFA85D0077251F /* FilterTableViewCell.swift in Sources */ = {isa = PBXBuildFile; fileRef = E63E461825EFA85D0077251F /* FilterTableViewCell.swift */; };
		E63E461B25EFA85D0077251F /* FilterTableViewCell.xib in Resources */ = {isa = PBXBuildFile; fileRef = E63E461925EFA85D0077251F /* FilterTableViewCell.xib */; };
		E6456D6A2582AE9400E6C4C2 /* UiView+Extensions.swift in Sources */ = {isa = PBXBuildFile; fileRef = E6456D692582AE9400E6C4C2 /* UiView+Extensions.swift */; };
		E67E40A7256FD68100FAB817 /* GoogleService-Info_endavaUK.plist in Resources */ = {isa = PBXBuildFile; fileRef = E67E40A6256FD68000FAB817 /* GoogleService-Info_endavaUK.plist */; };
		E6ADAAF325405B7A00EC655F /* Main.storyboard in Resources */ = {isa = PBXBuildFile; fileRef = E6117AB92538971700959D78 /* Main.storyboard */; };
		E6DE951B26A58974008E9DC7 /* QRPaymentDetailsViewController.swift in Sources */ = {isa = PBXBuildFile; fileRef = E6DE951926A58974008E9DC7 /* QRPaymentDetailsViewController.swift */; };
		E6DE951C26A58974008E9DC7 /* QRPaymentDetailsViewController.xib in Resources */ = {isa = PBXBuildFile; fileRef = E6DE951A26A58974008E9DC7 /* QRPaymentDetailsViewController.xib */; };
		E6DE951E26A59B6C008E9DC7 /* Date+Extensions.swift in Sources */ = {isa = PBXBuildFile; fileRef = E6DE951D26A59B6C008E9DC7 /* Date+Extensions.swift */; };
		F30A53C22806F8DC00FCF78B /* ItemTableViewCell.xib in Resources */ = {isa = PBXBuildFile; fileRef = F30A53C02806F8DC00FCF78B /* ItemTableViewCell.xib */; };
		F30A53C32806F8DC00FCF78B /* ItemTableViewCell.swift in Sources */ = {isa = PBXBuildFile; fileRef = F30A53C12806F8DC00FCF78B /* ItemTableViewCell.swift */; };
		F30A53C62806FE1300FCF78B /* BNPLItemViewModel.swift in Sources */ = {isa = PBXBuildFile; fileRef = F30A53C52806FE1300FCF78B /* BNPLItemViewModel.swift */; };
		F33CF2B22806AAEE0065778A /* BNPLItemsViewController.swift in Sources */ = {isa = PBXBuildFile; fileRef = F33CF2B02806AAEE0065778A /* BNPLItemsViewController.swift */; };
		F33CF2B32806AAEE0065778A /* ShahryItemsViewController.xib in Resources */ = {isa = PBXBuildFile; fileRef = F33CF2B12806AAEE0065778A /* ShahryItemsViewController.xib */; };
		F3A594C228620457001B09DF /* UITextField+Extensions.swift in Sources */ = {isa = PBXBuildFile; fileRef = F3A594C128620457001B09DF /* UITextField+Extensions.swift */; };
		F3D5CCD7290675210035243E /* PMView.swift in Sources */ = {isa = PBXBuildFile; fileRef = F3D5CCD6290675210035243E /* PMView.swift */; };
		F3D5CCD92906752F0035243E /* PMView.xib in Resources */ = {isa = PBXBuildFile; fileRef = F3D5CCD82906752F0035243E /* PMView.xib */; };
/* End PBXBuildFile section */

/* Begin PBXCopyFilesBuildPhase section */
		CF2E9C342A4B4EB5008CC987 /* Embed Frameworks */ = {
			isa = PBXCopyFilesBuildPhase;
			buildActionMask = 2147483647;
			dstPath = "";
			dstSubfolderSpec = 10;
			files = (
				CF2E9C332A4B4EB5008CC987 /* GeideaPaymentSDK.xcframework in Embed Frameworks */,
			);
			name = "Embed Frameworks";
			runOnlyForDeploymentPostprocessing = 0;
		};
/* End PBXCopyFilesBuildPhase section */

/* Begin PBXFileReference section */
		B40CFE2D2A36D60900D45E54 /* ConfigurationViewController+Actions.swift */ = {isa = PBXFileReference; lastKnownFileType = sourcecode.swift; path = "ConfigurationViewController+Actions.swift"; sourceTree = "<group>"; };
		B40CFE2F2A36DA1800D45E54 /* ConfiguartionViewController+KeyBoard.swift */ = {isa = PBXFileReference; lastKnownFileType = sourcecode.swift; path = "ConfiguartionViewController+KeyBoard.swift"; sourceTree = "<group>"; };
		B40CFE312A36DBD300D45E54 /* ConfiguartionViewController+TextField.swift */ = {isa = PBXFileReference; lastKnownFileType = sourcecode.swift; path = "ConfiguartionViewController+TextField.swift"; sourceTree = "<group>"; };
		B40CFE332A36E39300D45E54 /* ConfiguartionViewController+UI.swift */ = {isa = PBXFileReference; lastKnownFileType = sourcecode.swift; path = "ConfiguartionViewController+UI.swift"; sourceTree = "<group>"; };
		B40CFE382A36EAF200D45E54 /* RadioButton.swift */ = {isa = PBXFileReference; lastKnownFileType = sourcecode.swift; path = RadioButton.swift; sourceTree = "<group>"; };
		B40CFE3A2A370A6E00D45E54 /* CheckBox.swift */ = {isa = PBXFileReference; lastKnownFileType = sourcecode.swift; path = CheckBox.swift; sourceTree = "<group>"; };
		B4190AA02A38482300346ACD /* ConfigurationViewModel.swift */ = {isa = PBXFileReference; lastKnownFileType = sourcecode.swift; path = ConfigurationViewModel.swift; sourceTree = "<group>"; };
		B4190AA22A384B8E00346ACD /* ConfiguartionViewController+Bind.swift */ = {isa = PBXFileReference; lastKnownFileType = sourcecode.swift; path = "ConfiguartionViewController+Bind.swift"; sourceTree = "<group>"; };
		B4190AA52A385DED00346ACD /* CardPaymentViewController.swift */ = {isa = PBXFileReference; lastKnownFileType = sourcecode.swift; path = CardPaymentViewController.swift; sourceTree = "<group>"; };
		B4190AA72A38605E00346ACD /* CardPaymentViewController+UI.swift */ = {isa = PBXFileReference; lastKnownFileType = sourcecode.swift; path = "CardPaymentViewController+UI.swift"; sourceTree = "<group>"; };
		B4190AA92A38640500346ACD /* CardPaymentViewController+Actions.swift */ = {isa = PBXFileReference; lastKnownFileType = sourcecode.swift; path = "CardPaymentViewController+Actions.swift"; sourceTree = "<group>"; };
		B4190AAB2A3976E000346ACD /* CardPaymentViewController+Bind.swift */ = {isa = PBXFileReference; lastKnownFileType = sourcecode.swift; path = "CardPaymentViewController+Bind.swift"; sourceTree = "<group>"; };
		B4600EDA2A3095380056865D /* DemoLandingPageViewController.swift */ = {isa = PBXFileReference; lastKnownFileType = sourcecode.swift; path = DemoLandingPageViewController.swift; sourceTree = "<group>"; };
		B4600EDC2A309E920056865D /* ConfiguartionViewController.swift */ = {isa = PBXFileReference; lastKnownFileType = sourcecode.swift; path = ConfiguartionViewController.swift; sourceTree = "<group>"; };
		CF2E9C2F2A4B4EA5008CC987 /* GeideaPaymentSDK.xcframework */ = {isa = PBXFileReference; lastKnownFileType = wrapper.xcframework; path = GeideaPaymentSDK.xcframework; sourceTree = "<group>"; };
		E60854852551477C009B468F /* SuccessViewController.swift */ = {isa = PBXFileReference; lastKnownFileType = sourcecode.swift; path = SuccessViewController.swift; sourceTree = "<group>"; };
		E60854862551477C009B468F /* SuccessViewController.xib */ = {isa = PBXFileReference; lastKnownFileType = file.xib; path = SuccessViewController.xib; sourceTree = "<group>"; };
		E6117AB12538971700959D78 /* GeideaPaymentSDKSwiftSample.app */ = {isa = PBXFileReference; explicitFileType = wrapper.application; includeInIndex = 0; path = GeideaPaymentSDKSwiftSample.app; sourceTree = BUILT_PRODUCTS_DIR; };
		E6117AB32538971700959D78 /* AppDelegate.swift */ = {isa = PBXFileReference; lastKnownFileType = sourcecode.swift; path = AppDelegate.swift; sourceTree = "<group>"; };
		E6117AB72538971700959D78 /* ViewController.swift */ = {isa = PBXFileReference; lastKnownFileType = sourcecode.swift; path = ViewController.swift; sourceTree = "<group>"; };
		E6117ABA2538971700959D78 /* Base */ = {isa = PBXFileReference; lastKnownFileType = file.storyboard; name = Base; path = Base.lproj/Main.storyboard; sourceTree = "<group>"; };
		E6117ABC2538971E00959D78 /* Assets.xcassets */ = {isa = PBXFileReference; lastKnownFileType = folder.assetcatalog; path = Assets.xcassets; sourceTree = "<group>"; };
		E6117ABF2538971E00959D78 /* Base */ = {isa = PBXFileReference; lastKnownFileType = file.storyboard; name = Base; path = Base.lproj/LaunchScreen.storyboard; sourceTree = "<group>"; };
		E6117AC12538971E00959D78 /* Info.plist */ = {isa = PBXFileReference; lastKnownFileType = text.plist.xml; path = Info.plist; sourceTree = "<group>"; };
		E63809EE255408ED0034E556 /* GoogleService-Info_old.plist */ = {isa = PBXFileReference; fileEncoding = 4; lastKnownFileType = text.plist.xml; path = "GoogleService-Info_old.plist"; sourceTree = "<group>"; };
		E6380A4C25541D2A0034E556 /* UIViewController+Extensions.swift */ = {isa = PBXFileReference; lastKnownFileType = sourcecode.swift; path = "UIViewController+Extensions.swift"; sourceTree = "<group>"; };
		E6380A52255574880034E556 /* SceneDelegate.swift */ = {isa = PBXFileReference; lastKnownFileType = sourcecode.swift; path = SceneDelegate.swift; sourceTree = "<group>"; };
		E63E457B25ED04AB0077251F /* OrdersViewController.swift */ = {isa = PBXFileReference; lastKnownFileType = sourcecode.swift; path = OrdersViewController.swift; sourceTree = "<group>"; };
		E63E457C25ED04AB0077251F /* OrdersViewController.xib */ = {isa = PBXFileReference; lastKnownFileType = file.xib; path = OrdersViewController.xib; sourceTree = "<group>"; };
		E63E459E25EE60BD0077251F /* OrderTableViewCell.swift */ = {isa = PBXFileReference; lastKnownFileType = sourcecode.swift; path = OrderTableViewCell.swift; sourceTree = "<group>"; };
		E63E459F25EE60BD0077251F /* OrderTableViewCell.xib */ = {isa = PBXFileReference; lastKnownFileType = file.xib; path = OrderTableViewCell.xib; sourceTree = "<group>"; };
		E63E45A625EE78990077251F /* UiTableView+Extensions.swift */ = {isa = PBXFileReference; lastKnownFileType = sourcecode.swift; path = "UiTableView+Extensions.swift"; sourceTree = "<group>"; };
		E63E45BE25EF78580077251F /* OrderDetailsViewController.xib */ = {isa = PBXFileReference; fileEncoding = 4; lastKnownFileType = file.xib; path = OrderDetailsViewController.xib; sourceTree = "<group>"; };
		E63E45C425EF78960077251F /* OrderDetailsViewController.swift */ = {isa = PBXFileReference; fileEncoding = 4; lastKnownFileType = sourcecode.swift; path = OrderDetailsViewController.swift; sourceTree = "<group>"; };
		E63E45D125EF8F230077251F /* FilterViewController.xib */ = {isa = PBXFileReference; fileEncoding = 4; lastKnownFileType = file.xib; path = FilterViewController.xib; sourceTree = "<group>"; };
		E63E45D525EF8F3B0077251F /* FilterViewController.swift */ = {isa = PBXFileReference; fileEncoding = 4; lastKnownFileType = sourcecode.swift; path = FilterViewController.swift; sourceTree = "<group>"; };
		E63E461825EFA85D0077251F /* FilterTableViewCell.swift */ = {isa = PBXFileReference; lastKnownFileType = sourcecode.swift; path = FilterTableViewCell.swift; sourceTree = "<group>"; };
		E63E461925EFA85D0077251F /* FilterTableViewCell.xib */ = {isa = PBXFileReference; lastKnownFileType = file.xib; path = FilterTableViewCell.xib; sourceTree = "<group>"; };
		E6456D692582AE9400E6C4C2 /* UiView+Extensions.swift */ = {isa = PBXFileReference; lastKnownFileType = sourcecode.swift; path = "UiView+Extensions.swift"; sourceTree = "<group>"; };
		E64D564D25837061008AB18F /* GeideaPaymentSDKSwiftSampleDebug.entitlements */ = {isa = PBXFileReference; lastKnownFileType = text.plist.entitlements; path = GeideaPaymentSDKSwiftSampleDebug.entitlements; sourceTree = "<group>"; };
		E67E40A6256FD68000FAB817 /* GoogleService-Info_endavaUK.plist */ = {isa = PBXFileReference; fileEncoding = 4; lastKnownFileType = text.plist.xml; path = "GoogleService-Info_endavaUK.plist"; sourceTree = "<group>"; };
		E6CEBF3026D3B72800A7A28B /* ar */ = {isa = PBXFileReference; lastKnownFileType = text.plist.strings; name = ar; path = ar.lproj/Main.strings; sourceTree = "<group>"; };
		E6CEBF3126D3B72900A7A28B /* ar */ = {isa = PBXFileReference; lastKnownFileType = text.plist.strings; name = ar; path = ar.lproj/LaunchScreen.strings; sourceTree = "<group>"; };
		E6DE951926A58974008E9DC7 /* QRPaymentDetailsViewController.swift */ = {isa = PBXFileReference; lastKnownFileType = sourcecode.swift; path = QRPaymentDetailsViewController.swift; sourceTree = "<group>"; };
		E6DE951A26A58974008E9DC7 /* QRPaymentDetailsViewController.xib */ = {isa = PBXFileReference; lastKnownFileType = file.xib; path = QRPaymentDetailsViewController.xib; sourceTree = "<group>"; };
		E6DE951D26A59B6C008E9DC7 /* Date+Extensions.swift */ = {isa = PBXFileReference; lastKnownFileType = sourcecode.swift; path = "Date+Extensions.swift"; sourceTree = "<group>"; };
		F30A53C02806F8DC00FCF78B /* ItemTableViewCell.xib */ = {isa = PBXFileReference; fileEncoding = 4; lastKnownFileType = file.xib; path = ItemTableViewCell.xib; sourceTree = "<group>"; };
		F30A53C12806F8DC00FCF78B /* ItemTableViewCell.swift */ = {isa = PBXFileReference; fileEncoding = 4; lastKnownFileType = sourcecode.swift; path = ItemTableViewCell.swift; sourceTree = "<group>"; };
		F30A53C52806FE1300FCF78B /* BNPLItemViewModel.swift */ = {isa = PBXFileReference; lastKnownFileType = sourcecode.swift; path = BNPLItemViewModel.swift; sourceTree = "<group>"; };
		F333CE2928DB0C37000ECAD7 /* GeideaPaymentSDK.xcframework */ = {isa = PBXFileReference; lastKnownFileType = wrapper.xcframework; name = GeideaPaymentSDK.xcframework; path = "../../../gitHub repo reload/iOS-SDK/GeideaPaymentSDK/GeideaPaymentSDK.xcframework"; sourceTree = "<group>"; };
		F33CF2B02806AAEE0065778A /* BNPLItemsViewController.swift */ = {isa = PBXFileReference; lastKnownFileType = sourcecode.swift; path = BNPLItemsViewController.swift; sourceTree = "<group>"; };
		F33CF2B12806AAEE0065778A /* ShahryItemsViewController.xib */ = {isa = PBXFileReference; lastKnownFileType = file.xib; path = ShahryItemsViewController.xib; sourceTree = "<group>"; };
		F3919C5128C745E5002C21CB /* GeideaPaymentSDK.xcframework */ = {isa = PBXFileReference; lastKnownFileType = wrapper.xcframework; name = GeideaPaymentSDK.xcframework; path = build/GeideaPaymentSDK.xcframework; sourceTree = "<group>"; };
		F3A594C128620457001B09DF /* UITextField+Extensions.swift */ = {isa = PBXFileReference; lastKnownFileType = sourcecode.swift; path = "UITextField+Extensions.swift"; sourceTree = "<group>"; };
		F3D5CCD6290675210035243E /* PMView.swift */ = {isa = PBXFileReference; lastKnownFileType = sourcecode.swift; path = PMView.swift; sourceTree = "<group>"; };
		F3D5CCD82906752F0035243E /* PMView.xib */ = {isa = PBXFileReference; lastKnownFileType = file.xib; path = PMView.xib; sourceTree = "<group>"; };
/* End PBXFileReference section */

/* Begin PBXFrameworksBuildPhase section */
		E6117AAE2538971700959D78 /* Frameworks */ = {
			isa = PBXFrameworksBuildPhase;
			buildActionMask = 2147483647;
			files = (
				CF2E9C322A4B4EB5008CC987 /* GeideaPaymentSDK.xcframework in Frameworks */,
			);
			runOnlyForDeploymentPostprocessing = 0;
		};
/* End PBXFrameworksBuildPhase section */

/* Begin PBXGroup section */
		B40CFE352A36E4A600D45E54 /* Views */ = {
			isa = PBXGroup;
			children = (
				B40CFE382A36EAF200D45E54 /* RadioButton.swift */,
				B40CFE3A2A370A6E00D45E54 /* CheckBox.swift */,
			);
			path = Views;
			sourceTree = "<group>";
		};
		B4190A9C2A3847DC00346ACD /* DemoLanding */ = {
			isa = PBXGroup;
			children = (
				B4600EDA2A3095380056865D /* DemoLandingPageViewController.swift */,
			);
			path = DemoLanding;
			sourceTree = "<group>";
		};
		B4190A9D2A3847E800346ACD /* Configuartion */ = {
			isa = PBXGroup;
			children = (
				B4190A9F2A38480200346ACD /* ViewModel */,
				B4190A9E2A3847F700346ACD /* Controller */,
			);
			path = Configuartion;
			sourceTree = "<group>";
		};
		B4190A9E2A3847F700346ACD /* Controller */ = {
			isa = PBXGroup;
			children = (
				B4600EDC2A309E920056865D /* ConfiguartionViewController.swift */,
				B40CFE332A36E39300D45E54 /* ConfiguartionViewController+UI.swift */,
				B40CFE2D2A36D60900D45E54 /* ConfigurationViewController+Actions.swift */,
				B40CFE2F2A36DA1800D45E54 /* ConfiguartionViewController+KeyBoard.swift */,
				B40CFE312A36DBD300D45E54 /* ConfiguartionViewController+TextField.swift */,
				B4190AA22A384B8E00346ACD /* ConfiguartionViewController+Bind.swift */,
			);
			path = Controller;
			sourceTree = "<group>";
		};
		B4190A9F2A38480200346ACD /* ViewModel */ = {
			isa = PBXGroup;
			children = (
				B4190AA02A38482300346ACD /* ConfigurationViewModel.swift */,
			);
			path = ViewModel;
			sourceTree = "<group>";
		};
		B4190AA42A385DD000346ACD /* Card Payment */ = {
			isa = PBXGroup;
			children = (
				B4190AA52A385DED00346ACD /* CardPaymentViewController.swift */,
				B4190AA72A38605E00346ACD /* CardPaymentViewController+UI.swift */,
				B4190AA92A38640500346ACD /* CardPaymentViewController+Actions.swift */,
				B4190AAB2A3976E000346ACD /* CardPaymentViewController+Bind.swift */,
			);
			path = "Card Payment";
			sourceTree = "<group>";
		};
		B4600ED92A3094FE0056865D /* SamplePayment */ = {
			isa = PBXGroup;
			children = (
				B4190AA42A385DD000346ACD /* Card Payment */,
				B4190A9D2A3847E800346ACD /* Configuartion */,
				B4190A9C2A3847DC00346ACD /* DemoLanding */,
				B40CFE352A36E4A600D45E54 /* Views */,
			);
			path = SamplePayment;
			sourceTree = "<group>";
		};
		E6117AB22538971700959D78 /* GeideaPaymentSDKSwiftSample */ = {
			isa = PBXGroup;
			children = (
				CF2E9C2F2A4B4EA5008CC987 /* GeideaPaymentSDK.xcframework */,
				B4600ED92A3094FE0056865D /* SamplePayment */,
				E63E45B025EF6F320077251F /* Extensions */,
				E63E457225ED03A80077251F /* Sample Views */,
				E64D564D25837061008AB18F /* GeideaPaymentSDKSwiftSampleDebug.entitlements */,
				E6117AB32538971700959D78 /* AppDelegate.swift */,
				E6117AB72538971700959D78 /* ViewController.swift */,
				E6117ABC2538971E00959D78 /* Assets.xcassets */,
				E6117AB92538971700959D78 /* Main.storyboard */,
				E6117ABE2538971E00959D78 /* LaunchScreen.storyboard */,
				E6117AC12538971E00959D78 /* Info.plist */,
				E60854852551477C009B468F /* SuccessViewController.swift */,
				E60854862551477C009B468F /* SuccessViewController.xib */,
				E67E40A6256FD68000FAB817 /* GoogleService-Info_endavaUK.plist */,
				E63809EE255408ED0034E556 /* GoogleService-Info_old.plist */,
				E6380A52255574880034E556 /* SceneDelegate.swift */,
			);
			path = GeideaPaymentSDKSwiftSample;
			sourceTree = "<group>";
		};
		E6224EA52534DFE80065C23F = {
			isa = PBXGroup;
			children = (
				E6117AB22538971700959D78 /* GeideaPaymentSDKSwiftSample */,
				E6224EB02534DFE80065C23F /* Products */,
				E6A5E80F2540C42D0080BF3D /* Frameworks */,
				E63E455D25E65D460077251F /* Recovered References */,
			);
			sourceTree = "<group>";
		};
		E6224EB02534DFE80065C23F /* Products */ = {
			isa = PBXGroup;
			children = (
				E6117AB12538971700959D78 /* GeideaPaymentSDKSwiftSample.app */,
			);
			name = Products;
			sourceTree = "<group>";
		};
		E63E455D25E65D460077251F /* Recovered References */ = {
			isa = PBXGroup;
			children = (
			);
			name = "Recovered References";
			sourceTree = "<group>";
		};
		E63E457225ED03A80077251F /* Sample Views */ = {
			isa = PBXGroup;
			children = (
				F33CF2B42806AAFB0065778A /* ShahryItems */,
				E6DE951826A5894B008E9DC7 /* QRPaymentDetailsView */,
				E63E45B125EF6F5B0077251F /* Views */,
				E63E459B25EE608B0077251F /* TableViewCell */,
				E63E457B25ED04AB0077251F /* OrdersViewController.swift */,
				E63E457C25ED04AB0077251F /* OrdersViewController.xib */,
				E63E45BE25EF78580077251F /* OrderDetailsViewController.xib */,
				E63E45C425EF78960077251F /* OrderDetailsViewController.swift */,
			);
			path = "Sample Views";
			sourceTree = "<group>";
		};
		E63E459B25EE608B0077251F /* TableViewCell */ = {
			isa = PBXGroup;
			children = (
				F30A53C12806F8DC00FCF78B /* ItemTableViewCell.swift */,
				F30A53C02806F8DC00FCF78B /* ItemTableViewCell.xib */,
				E63E459E25EE60BD0077251F /* OrderTableViewCell.swift */,
				E63E459F25EE60BD0077251F /* OrderTableViewCell.xib */,
				E63E461825EFA85D0077251F /* FilterTableViewCell.swift */,
				E63E461925EFA85D0077251F /* FilterTableViewCell.xib */,
			);
			path = TableViewCell;
			sourceTree = "<group>";
		};
		E63E45B025EF6F320077251F /* Extensions */ = {
			isa = PBXGroup;
			children = (
				E6456D692582AE9400E6C4C2 /* UiView+Extensions.swift */,
				E63E45A625EE78990077251F /* UiTableView+Extensions.swift */,
				E6380A4C25541D2A0034E556 /* UIViewController+Extensions.swift */,
				E6DE951D26A59B6C008E9DC7 /* Date+Extensions.swift */,
			);
			path = Extensions;
			sourceTree = "<group>";
		};
		E63E45B125EF6F5B0077251F /* Views */ = {
			isa = PBXGroup;
			children = (
				E63E45D525EF8F3B0077251F /* FilterViewController.swift */,
				E63E45D125EF8F230077251F /* FilterViewController.xib */,
				F3D5CCD6290675210035243E /* PMView.swift */,
				F3D5CCD82906752F0035243E /* PMView.xib */,
			);
			path = Views;
			sourceTree = "<group>";
		};
		E6A5E80F2540C42D0080BF3D /* Frameworks */ = {
			isa = PBXGroup;
			children = (
				F333CE2928DB0C37000ECAD7 /* GeideaPaymentSDK.xcframework */,
				F3919C5128C745E5002C21CB /* GeideaPaymentSDK.xcframework */,
			);
			name = Frameworks;
			sourceTree = "<group>";
		};
		E6DE951826A5894B008E9DC7 /* QRPaymentDetailsView */ = {
			isa = PBXGroup;
			children = (
				E6DE951926A58974008E9DC7 /* QRPaymentDetailsViewController.swift */,
				E6DE951A26A58974008E9DC7 /* QRPaymentDetailsViewController.xib */,
			);
			path = QRPaymentDetailsView;
			sourceTree = "<group>";
		};
		F33CF2B42806AAFB0065778A /* ShahryItems */ = {
			isa = PBXGroup;
			children = (
				F33CF2B02806AAEE0065778A /* BNPLItemsViewController.swift */,
				F33CF2B12806AAEE0065778A /* ShahryItemsViewController.xib */,
				F30A53C52806FE1300FCF78B /* BNPLItemViewModel.swift */,
				F3A594C128620457001B09DF /* UITextField+Extensions.swift */,
			);
			path = ShahryItems;
			sourceTree = "<group>";
		};
/* End PBXGroup section */

/* Begin PBXNativeTarget section */
		E6117AB02538971700959D78 /* GeideaPaymentSDKSwiftSample */ = {
			isa = PBXNativeTarget;
			buildConfigurationList = E6117ADE2538971E00959D78 /* Build configuration list for PBXNativeTarget "GeideaPaymentSDKSwiftSample" */;
			buildPhases = (
				E6117AAD2538971700959D78 /* Sources */,
				E6117AAE2538971700959D78 /* Frameworks */,
				E6117AAF2538971700959D78 /* Resources */,
				CF2E9C342A4B4EB5008CC987 /* Embed Frameworks */,
			);
			buildRules = (
			);
			dependencies = (
			);
			name = GeideaPaymentSDKSwiftSample;
			productName = GeideaPaymentSDKSwiftSample;
			productReference = E6117AB12538971700959D78 /* GeideaPaymentSDKSwiftSample.app */;
			productType = "com.apple.product-type.application";
		};
/* End PBXNativeTarget section */

/* Begin PBXProject section */
		E6224EA62534DFE80065C23F /* Project object */ = {
			isa = PBXProject;
			attributes = {
				LastSwiftUpdateCheck = 1200;
				LastUpgradeCheck = 1200;
				TargetAttributes = {
					E6117AB02538971700959D78 = {
						CreatedOnToolsVersion = 12.0.1;
					};
				};
			};
			buildConfigurationList = E6224EA92534DFE80065C23F /* Build configuration list for PBXProject "GeideaPaymentSDK" */;
			compatibilityVersion = "Xcode 9.3";
			developmentRegion = en;
			hasScannedForEncodings = 0;
			knownRegions = (
				en,
				Base,
				ar,
			);
			mainGroup = E6224EA52534DFE80065C23F;
			productRefGroup = E6224EB02534DFE80065C23F /* Products */;
			projectDirPath = "";
			projectRoot = "";
			targets = (
				E6117AB02538971700959D78 /* GeideaPaymentSDKSwiftSample */,
			);
		};
/* End PBXProject section */

/* Begin PBXResourcesBuildPhase section */
		E6117AAF2538971700959D78 /* Resources */ = {
			isa = PBXResourcesBuildPhase;
			buildActionMask = 2147483647;
			files = (
				E6ADAAF325405B7A00EC655F /* Main.storyboard in Resources */,
				E63E461B25EFA85D0077251F /* FilterTableViewCell.xib in Resources */,
				F3D5CCD92906752F0035243E /* PMView.xib in Resources */,
				F33CF2B32806AAEE0065778A /* ShahryItemsViewController.xib in Resources */,
				E67E40A7256FD68100FAB817 /* GoogleService-Info_endavaUK.plist in Resources */,
				E6117AC02538971E00959D78 /* LaunchScreen.storyboard in Resources */,
				E63E45A125EE60BD0077251F /* OrderTableViewCell.xib in Resources */,
				E63809EF255408ED0034E556 /* GoogleService-Info_old.plist in Resources */,
				E60854882551477C009B468F /* SuccessViewController.xib in Resources */,
				E63E45E025EF914B0077251F /* FilterViewController.xib in Resources */,
				E6117ABD2538971E00959D78 /* Assets.xcassets in Resources */,
				E6DE951C26A58974008E9DC7 /* QRPaymentDetailsViewController.xib in Resources */,
				E63E457E25ED04AC0077251F /* OrdersViewController.xib in Resources */,
				F30A53C22806F8DC00FCF78B /* ItemTableViewCell.xib in Resources */,
				E63E45BF25EF78580077251F /* OrderDetailsViewController.xib in Resources */,
			);
			runOnlyForDeploymentPostprocessing = 0;
		};
/* End PBXResourcesBuildPhase section */

/* Begin PBXSourcesBuildPhase section */
		E6117AAD2538971700959D78 /* Sources */ = {
			isa = PBXSourcesBuildPhase;
			buildActionMask = 2147483647;
			files = (
				E6DE951B26A58974008E9DC7 /* QRPaymentDetailsViewController.swift in Sources */,
				E6380A53255574880034E556 /* SceneDelegate.swift in Sources */,
				F33CF2B22806AAEE0065778A /* BNPLItemsViewController.swift in Sources */,
				E6117AB82538971700959D78 /* ViewController.swift in Sources */,
				F30A53C32806F8DC00FCF78B /* ItemTableViewCell.swift in Sources */,
				E60854872551477C009B468F /* SuccessViewController.swift in Sources */,
				E63E45A725EE78990077251F /* UiTableView+Extensions.swift in Sources */,
				E63E457D25ED04AC0077251F /* OrdersViewController.swift in Sources */,
				B4600EDB2A3095390056865D /* DemoLandingPageViewController.swift in Sources */,
				B40CFE392A36EAF200D45E54 /* RadioButton.swift in Sources */,
				B40CFE322A36DBD300D45E54 /* ConfiguartionViewController+TextField.swift in Sources */,
				B40CFE3B2A370A6E00D45E54 /* CheckBox.swift in Sources */,
				B40CFE2E2A36D60900D45E54 /* ConfigurationViewController+Actions.swift in Sources */,
				E63E45DB25EF91420077251F /* FilterViewController.swift in Sources */,
				E6380A4D25541D2A0034E556 /* UIViewController+Extensions.swift in Sources */,
				B4190AA32A384B8E00346ACD /* ConfiguartionViewController+Bind.swift in Sources */,
				B4190AA12A38482300346ACD /* ConfigurationViewModel.swift in Sources */,
				B4190AA62A385DED00346ACD /* CardPaymentViewController.swift in Sources */,
				E63E45A025EE60BD0077251F /* OrderTableViewCell.swift in Sources */,
				B40CFE302A36DA1800D45E54 /* ConfiguartionViewController+KeyBoard.swift in Sources */,
				E6DE951E26A59B6C008E9DC7 /* Date+Extensions.swift in Sources */,
				B4190AAA2A38640500346ACD /* CardPaymentViewController+Actions.swift in Sources */,
				B4600EDD2A309E920056865D /* ConfiguartionViewController.swift in Sources */,
				B4190AA82A38605E00346ACD /* CardPaymentViewController+UI.swift in Sources */,
				B4190AAC2A3976E000346ACD /* CardPaymentViewController+Bind.swift in Sources */,
				E6456D6A2582AE9400E6C4C2 /* UiView+Extensions.swift in Sources */,
				E63E461A25EFA85D0077251F /* FilterTableViewCell.swift in Sources */,
				B40CFE342A36E39300D45E54 /* ConfiguartionViewController+UI.swift in Sources */,
				F3D5CCD7290675210035243E /* PMView.swift in Sources */,
				E63E45CE25EF79ED0077251F /* OrderDetailsViewController.swift in Sources */,
				F3A594C228620457001B09DF /* UITextField+Extensions.swift in Sources */,
				F30A53C62806FE1300FCF78B /* BNPLItemViewModel.swift in Sources */,
				E6117AB42538971700959D78 /* AppDelegate.swift in Sources */,
			);
			runOnlyForDeploymentPostprocessing = 0;
		};
/* End PBXSourcesBuildPhase section */

/* Begin PBXVariantGroup section */
		E6117AB92538971700959D78 /* Main.storyboard */ = {
			isa = PBXVariantGroup;
			children = (
				E6117ABA2538971700959D78 /* Base */,
				E6CEBF3026D3B72800A7A28B /* ar */,
			);
			name = Main.storyboard;
			sourceTree = "<group>";
		};
		E6117ABE2538971E00959D78 /* LaunchScreen.storyboard */ = {
			isa = PBXVariantGroup;
			children = (
				E6117ABF2538971E00959D78 /* Base */,
				E6CEBF3126D3B72900A7A28B /* ar */,
			);
			name = LaunchScreen.storyboard;
			sourceTree = "<group>";
		};
/* End PBXVariantGroup section */

/* Begin XCBuildConfiguration section */
		E6117AD82538971E00959D78 /* Debug */ = {
			isa = XCBuildConfiguration;
			buildSettings = {
				ASSETCATALOG_COMPILER_APPICON_NAME = AppIcon;
				ASSETCATALOG_COMPILER_GLOBAL_ACCENT_COLOR_NAME = AccentColor;
				BUILD_LIBRARY_FOR_DISTRIBUTION = YES;
				CLANG_ENABLE_CODE_COVERAGE = NO;
				CODE_SIGN_ENTITLEMENTS = GeideaPaymentSDKSwiftSample/GeideaPaymentSDKSwiftSample.entitlements;
				CODE_SIGN_IDENTITY = "Apple Development";
				CODE_SIGN_STYLE = Manual;
				CURRENT_PROJECT_VERSION = 130;
				DEVELOPMENT_ASSET_PATHS = "";
				DEVELOPMENT_TEAM = "";
				ENABLE_BITCODE = NO;
				FRAMEWORK_SEARCH_PATHS = (
					"$(inherited)",
					"$(PROJECT_DIR)/frameworks/sim-x86_64",
					"$(PROJECT_DIR)/frameworks/universal-sim",
				);
				INFOPLIST_FILE = GeideaPaymentSDKSwiftSample/Info.plist;
				IPHONEOS_DEPLOYMENT_TARGET = 11.0;
				LD_RUNPATH_SEARCH_PATHS = (
					"$(inherited)",
					"@executable_path/Frameworks",
				);
				MARKETING_VERSION = 3.1;
				PRODUCT_BUNDLE_IDENTIFIER = net.geidea.GeideaPaymentSDK.VSwift1;
				PRODUCT_NAME = "$(TARGET_NAME)";
				PROVISIONING_PROFILE_SPECIFIER = "";
				SKIP_INSTALL = NO;
				SWIFT_VERSION = 5.0;
				TARGETED_DEVICE_FAMILY = "1,2";
			};
			name = Debug;
		};
		E6117AD92538971E00959D78 /* Release */ = {
			isa = XCBuildConfiguration;
			buildSettings = {
				ASSETCATALOG_COMPILER_APPICON_NAME = AppIcon;
				ASSETCATALOG_COMPILER_GLOBAL_ACCENT_COLOR_NAME = AccentColor;
				BUILD_LIBRARY_FOR_DISTRIBUTION = YES;
				CLANG_ENABLE_CODE_COVERAGE = NO;
				CODE_SIGN_ENTITLEMENTS = GeideaPaymentSDKSwiftSample/GeideaPaymentSDKSwiftSample.entitlements;
				CODE_SIGN_IDENTITY = "Apple Development";
				CODE_SIGN_STYLE = Manual;
				CURRENT_PROJECT_VERSION = 130;
				DEVELOPMENT_ASSET_PATHS = "";
				DEVELOPMENT_TEAM = "";
				ENABLE_BITCODE = NO;
				INFOPLIST_FILE = GeideaPaymentSDKSwiftSample/Info.plist;
				IPHONEOS_DEPLOYMENT_TARGET = 11.0;
				LD_RUNPATH_SEARCH_PATHS = (
					"$(inherited)",
					"@executable_path/Frameworks",
				);
				MARKETING_VERSION = 3.1;
				PRODUCT_BUNDLE_IDENTIFIER = net.geidea.GeideaPaymentSDK.VSwift1;
				PRODUCT_NAME = "$(TARGET_NAME)";
				PROVISIONING_PROFILE_SPECIFIER = "";
				SKIP_INSTALL = NO;
				SWIFT_VERSION = 5.0;
				TARGETED_DEVICE_FAMILY = "1,2";
			};
			name = Release;
		};
		E6224EC12534DFE80065C23F /* Debug */ = {
			isa = XCBuildConfiguration;
			buildSettings = {
				ALWAYS_SEARCH_USER_PATHS = NO;
				BUILD_LIBRARY_FOR_DISTRIBUTION = YES;
				CLANG_ANALYZER_LOCALIZABILITY_NONLOCALIZED = YES;
				CLANG_ANALYZER_NONNULL = YES;
				CLANG_ANALYZER_NUMBER_OBJECT_CONVERSION = YES_AGGRESSIVE;
				CLANG_CXX_LANGUAGE_STANDARD = "gnu++14";
				CLANG_CXX_LIBRARY = "libc++";
				CLANG_ENABLE_MODULES = YES;
				CLANG_ENABLE_OBJC_ARC = YES;
				CLANG_ENABLE_OBJC_WEAK = YES;
				CLANG_WARN_BLOCK_CAPTURE_AUTORELEASING = YES;
				CLANG_WARN_BOOL_CONVERSION = YES;
				CLANG_WARN_COMMA = YES;
				CLANG_WARN_CONSTANT_CONVERSION = YES;
				CLANG_WARN_DEPRECATED_OBJC_IMPLEMENTATIONS = YES;
				CLANG_WARN_DIRECT_OBJC_ISA_USAGE = YES_ERROR;
				CLANG_WARN_DOCUMENTATION_COMMENTS = YES;
				CLANG_WARN_EMPTY_BODY = YES;
				CLANG_WARN_ENUM_CONVERSION = YES;
				CLANG_WARN_INFINITE_RECURSION = YES;
				CLANG_WARN_INT_CONVERSION = YES;
				CLANG_WARN_NON_LITERAL_NULL_CONVERSION = YES;
				CLANG_WARN_OBJC_IMPLICIT_RETAIN_SELF = YES;
				CLANG_WARN_OBJC_LITERAL_CONVERSION = YES;
				CLANG_WARN_OBJC_ROOT_CLASS = YES_ERROR;
				CLANG_WARN_QUOTED_INCLUDE_IN_FRAMEWORK_HEADER = YES;
				CLANG_WARN_RANGE_LOOP_ANALYSIS = YES;
				CLANG_WARN_STRICT_PROTOTYPES = YES;
				CLANG_WARN_SUSPICIOUS_MOVE = YES;
				CLANG_WARN_UNGUARDED_AVAILABILITY = YES_AGGRESSIVE;
				CLANG_WARN_UNREACHABLE_CODE = YES;
				CLANG_WARN__DUPLICATE_METHOD_MATCH = YES;
				COPY_PHASE_STRIP = NO;
				CURRENT_PROJECT_VERSION = 1;
				DEBUG_INFORMATION_FORMAT = dwarf;
				ENABLE_STRICT_OBJC_MSGSEND = YES;
				ENABLE_TESTABILITY = YES;
				GCC_C_LANGUAGE_STANDARD = gnu11;
				GCC_DYNAMIC_NO_PIC = NO;
				GCC_NO_COMMON_BLOCKS = YES;
				GCC_OPTIMIZATION_LEVEL = 0;
				GCC_PREPROCESSOR_DEFINITIONS = (
					"DEBUG=1",
					"$(inherited)",
				);
				GCC_WARN_64_TO_32_BIT_CONVERSION = YES;
				GCC_WARN_ABOUT_RETURN_TYPE = YES_ERROR;
				GCC_WARN_UNDECLARED_SELECTOR = YES;
				GCC_WARN_UNINITIALIZED_AUTOS = YES_AGGRESSIVE;
				GCC_WARN_UNUSED_FUNCTION = YES;
				GCC_WARN_UNUSED_VARIABLE = YES;
				IPHONEOS_DEPLOYMENT_TARGET = 11.0;
				MTL_ENABLE_DEBUG_INFO = INCLUDE_SOURCE;
				MTL_FAST_MATH = YES;
				ONLY_ACTIVE_ARCH = NO;
				SDKROOT = iphoneos;
				SKIP_INSTALL = NO;
				SWIFT_ACTIVE_COMPILATION_CONDITIONS = DEBUG;
				SWIFT_OPTIMIZATION_LEVEL = "-Onone";
				VERSIONING_SYSTEM = "apple-generic";
				VERSION_INFO_PREFIX = "";
			};
			name = Debug;
		};
		E6224EC22534DFE80065C23F /* Release */ = {
			isa = XCBuildConfiguration;
			buildSettings = {
				ALWAYS_SEARCH_USER_PATHS = NO;
				BUILD_LIBRARY_FOR_DISTRIBUTION = YES;
				CLANG_ANALYZER_LOCALIZABILITY_NONLOCALIZED = YES;
				CLANG_ANALYZER_NONNULL = YES;
				CLANG_ANALYZER_NUMBER_OBJECT_CONVERSION = YES_AGGRESSIVE;
				CLANG_CXX_LANGUAGE_STANDARD = "gnu++14";
				CLANG_CXX_LIBRARY = "libc++";
				CLANG_ENABLE_MODULES = YES;
				CLANG_ENABLE_OBJC_ARC = YES;
				CLANG_ENABLE_OBJC_WEAK = YES;
				CLANG_WARN_BLOCK_CAPTURE_AUTORELEASING = YES;
				CLANG_WARN_BOOL_CONVERSION = YES;
				CLANG_WARN_COMMA = YES;
				CLANG_WARN_CONSTANT_CONVERSION = YES;
				CLANG_WARN_DEPRECATED_OBJC_IMPLEMENTATIONS = YES;
				CLANG_WARN_DIRECT_OBJC_ISA_USAGE = YES_ERROR;
				CLANG_WARN_DOCUMENTATION_COMMENTS = YES;
				CLANG_WARN_EMPTY_BODY = YES;
				CLANG_WARN_ENUM_CONVERSION = YES;
				CLANG_WARN_INFINITE_RECURSION = YES;
				CLANG_WARN_INT_CONVERSION = YES;
				CLANG_WARN_NON_LITERAL_NULL_CONVERSION = YES;
				CLANG_WARN_OBJC_IMPLICIT_RETAIN_SELF = YES;
				CLANG_WARN_OBJC_LITERAL_CONVERSION = YES;
				CLANG_WARN_OBJC_ROOT_CLASS = YES_ERROR;
				CLANG_WARN_QUOTED_INCLUDE_IN_FRAMEWORK_HEADER = YES;
				CLANG_WARN_RANGE_LOOP_ANALYSIS = YES;
				CLANG_WARN_STRICT_PROTOTYPES = YES;
				CLANG_WARN_SUSPICIOUS_MOVE = YES;
				CLANG_WARN_UNGUARDED_AVAILABILITY = YES_AGGRESSIVE;
				CLANG_WARN_UNREACHABLE_CODE = YES;
				CLANG_WARN__DUPLICATE_METHOD_MATCH = YES;
				COPY_PHASE_STRIP = NO;
				CURRENT_PROJECT_VERSION = 1;
				DEBUG_INFORMATION_FORMAT = "dwarf-with-dsym";
				ENABLE_NS_ASSERTIONS = NO;
				ENABLE_STRICT_OBJC_MSGSEND = YES;
				GCC_C_LANGUAGE_STANDARD = gnu11;
				GCC_NO_COMMON_BLOCKS = YES;
				GCC_WARN_64_TO_32_BIT_CONVERSION = YES;
				GCC_WARN_ABOUT_RETURN_TYPE = YES_ERROR;
				GCC_WARN_UNDECLARED_SELECTOR = YES;
				GCC_WARN_UNINITIALIZED_AUTOS = YES_AGGRESSIVE;
				GCC_WARN_UNUSED_FUNCTION = YES;
				GCC_WARN_UNUSED_VARIABLE = YES;
				IPHONEOS_DEPLOYMENT_TARGET = 11.0;
				MTL_ENABLE_DEBUG_INFO = NO;
				MTL_FAST_MATH = YES;
				SDKROOT = iphoneos;
				SKIP_INSTALL = NO;
				SWIFT_COMPILATION_MODE = wholemodule;
				SWIFT_OPTIMIZATION_LEVEL = "-O";
				VALIDATE_PRODUCT = YES;
				VERSIONING_SYSTEM = "apple-generic";
				VERSION_INFO_PREFIX = "";
			};
			name = Release;
		};
/* End XCBuildConfiguration section */

/* Begin XCConfigurationList section */
		E6117ADE2538971E00959D78 /* Build configuration list for PBXNativeTarget "GeideaPaymentSDKSwiftSample" */ = {
			isa = XCConfigurationList;
			buildConfigurations = (
				E6117AD82538971E00959D78 /* Debug */,
				E6117AD92538971E00959D78 /* Release */,
			);
			defaultConfigurationIsVisible = 0;
			defaultConfigurationName = Release;
		};
		E6224EA92534DFE80065C23F /* Build configuration list for PBXProject "GeideaPaymentSDK" */ = {
			isa = XCConfigurationList;
			buildConfigurations = (
				E6224EC12534DFE80065C23F /* Debug */,
				E6224EC22534DFE80065C23F /* Release */,
			);
			defaultConfigurationIsVisible = 0;
			defaultConfigurationName = Release;
		};
/* End XCConfigurationList section */
	};
	rootObject = E6224EA62534DFE80065C23F /* Project object */;
}
